
Microsoft Visual Studio Solution File, Format Version 12.00
# Visual Studio 14
VisualStudioVersion = 14.0.25420.1
MinimumVisualStudioVersion = 10.0.40219.1
Project("{2150E333-8FDC-42A3-9474-1A3956D46DE8}") = "Solution Items", "Solution Items", "{0656E1D8-52F4-4ACE-A19E-3BCCED049D8D}"
	ProjectSection(SolutionItems) = preProject
		instanceExample.DotSettings = instanceExample.DotSettings
		LICENSE.md = LICENSE.md
		README.md = README.md
	EndProjectSection
EndProject
Project("{D954291E-2A0B-460D-934E-DC6B0785DB48}") = "Vukomanovic.Resharper.Macros.Shared", "Vukomanovic.Resharper.Macros.Shared\Vukomanovic.Resharper.Macros.Shared.shproj", "{6E11911B-EF1B-48B0-A72C-5B51E36EA888}"
EndProject
Project("{D954291E-2A0B-460D-934E-DC6B0785DB48}") = "Vukomanovic.Resharper.Macros.Test.Shared", "Vukomanovic.Resharper.Macros.Test.Shared\Vukomanovic.Resharper.Macros.Test.Shared.shproj", "{5F236824-D7E3-4BF3-B6CC-04A2A9460F68}"
EndProject
Project("{FAE04EC0-301F-11D3-BF4B-00C04F79EFBC}") = "Vukomanovic.Resharper.Macros.2016.1", "Vukomanovic.Resharper.Macros.2016.1\Vukomanovic.Resharper.Macros.2016.1.csproj", "{6AEEC28E-5FD7-4284-8D97-8A805BCD2021}"
EndProject
Project("{FAE04EC0-301F-11D3-BF4B-00C04F79EFBC}") = "Vukomanovic.Resharper.Macros.2016.1.Test", "Vukomanovic.Resharper.Macros.2016.1.Test\Vukomanovic.Resharper.Macros.2016.1.Test.csproj", "{E314F183-C467-4BF9-931F-72925882FAB3}"
EndProject
Project("{FAE04EC0-301F-11D3-BF4B-00C04F79EFBC}") = "Vukomanovic.Resharper.Macros.2016.2", "Vukomanovic.Resharper.Macros.2016.2\Vukomanovic.Resharper.Macros.2016.2.csproj", "{7A60D087-D2D5-4B02-A27C-2F081526C239}"
EndProject
Project("{FAE04EC0-301F-11D3-BF4B-00C04F79EFBC}") = "Vukomanovic.Resharper.Macros.2016.2.Test", "Vukomanovic.Resharper.Macros.2016.2.Test\Vukomanovic.Resharper.Macros.2016.2.Test.csproj", "{E98CC552-FA5E-4DFC-898F-607037F5D8CF}"
EndProject
Project("{FAE04EC0-301F-11D3-BF4B-00C04F79EFBC}") = "Vukomanovic.Resharper.Macros.2016.3", "Vukomanovic.Resharper.Macros.2016.3\Vukomanovic.Resharper.Macros.2016.3.csproj", "{F66D71C6-AAD0-4465-9AE8-9100DD0A5F3C}"
EndProject
Project("{FAE04EC0-301F-11D3-BF4B-00C04F79EFBC}") = "Vukomanovic.Resharper.Macros.2016.3.Test", "Vukomanovic.Resharper.Macros.2016.3.Test\Vukomanovic.Resharper.Macros.2016.3.Test.csproj", "{1C4136C3-5C3B-4500-B624-CC5565C793EF}"
EndProject
Project("{FAE04EC0-301F-11D3-BF4B-00C04F79EFBC}") = "Vukomanovic.Resharper.Macros.2017.1", "Vukomanovic.Resharper.Macros.2017.1\Vukomanovic.Resharper.Macros.2017.1.csproj", "{F7A71BB2-2FE3-42F7-A91A-5A237EB0BC70}"
EndProject
Project("{FAE04EC0-301F-11D3-BF4B-00C04F79EFBC}") = "Vukomanovic.Resharper.Macros.2017.1.Test", "Vukomanovic.Resharper.Macros.2017.1.Test\Vukomanovic.Resharper.Macros.2017.1.Test.csproj", "{13AF48DD-41A7-4158-85FB-0AA17A064582}"
EndProject
Project("{2150E333-8FDC-42A3-9474-1A3956D46DE8}") = "Shared", "Shared", "{7D368F2D-D018-46EF-88B9-43E4A72DAF21}"
EndProject
Project("{2150E333-8FDC-42A3-9474-1A3956D46DE8}") = "Code", "Code", "{A16818C3-39D2-4C28-A28A-B70C57A3BE51}"
EndProject
Project("{2150E333-8FDC-42A3-9474-1A3956D46DE8}") = "2016.1", "2016.1", "{63111E47-779F-4BCD-A5E5-5AC95E9A61D0}"
EndProject
Project("{2150E333-8FDC-42A3-9474-1A3956D46DE8}") = "2016.2", "2016.2", "{50B86C29-376B-4FC2-BF9D-71C712E2F1AD}"
EndProject
Project("{2150E333-8FDC-42A3-9474-1A3956D46DE8}") = "2016.3", "2016.3", "{8A1FE8D5-C965-4F75-A3C8-0C53070A5DA6}"
EndProject
Project("{2150E333-8FDC-42A3-9474-1A3956D46DE8}") = "2017.1", "2017.1", "{15BF0F52-9A84-49C0-9BF3-35657C3913DB}"
EndProject
Project("{2150E333-8FDC-42A3-9474-1A3956D46DE8}") = "2017.2", "2017.2", "{9556FD19-3937-4D56-9B87-DBBEF30625C0}"
EndProject
Project("{FAE04EC0-301F-11D3-BF4B-00C04F79EFBC}") = "Vukomanovic.Resharper.Macros.2017.2", "Vukomanovic.Resharper.Macros.2017.2\Vukomanovic.Resharper.Macros.2017.2.csproj", "{5AB2CDDB-6812-4F70-8BDE-6D47C5C51B5B}"
EndProject
Project("{2150E333-8FDC-42A3-9474-1A3956D46DE8}") = "2017.3", "2017.3", "{08054A36-CAB8-4028-ABEE-7AFA2D89B589}"
EndProject
Project("{FAE04EC0-301F-11D3-BF4B-00C04F79EFBC}") = "Vukomanovic.Resharper.Macros.2017.3", "Vukomanovic.Resharper.Macros.2017.3\Vukomanovic.Resharper.Macros.2017.3.csproj", "{193796DF-5977-42C0-A90A-7779687AEAD0}"
EndProject
Project("{2150E333-8FDC-42A3-9474-1A3956D46DE8}") = "2018.1", "2018.1", "{9CDBDA74-AF7F-433B-A5DF-794235877C55}"
EndProject
Project("{FAE04EC0-301F-11D3-BF4B-00C04F79EFBC}") = "Vukomanovic.Resharper.Macros.2018.1", "Vukomanovic.Resharper.Macros.2018.1\Vukomanovic.Resharper.Macros.2018.1.csproj", "{BACED9B6-AAD8-4104-A18E-58B0FE9182DE}"
EndProject
Project("{FAE04EC0-301F-11D3-BF4B-00C04F79EFBC}") = "Vukomanovic.Resharper.Macros.2017.2.Test", "Vukomanovic.Resharper.Macros.2017.2.Test\Vukomanovic.Resharper.Macros.2017.2.Test.csproj", "{A17D3665-704B-43AA-A5FC-474EEDAA8CD0}"
EndProject
Project("{FAE04EC0-301F-11D3-BF4B-00C04F79EFBC}") = "Vukomanovic.Resharper.Macros.2017.3.Test", "Vukomanovic.Resharper.Macros.2017.3.Test\Vukomanovic.Resharper.Macros.2017.3.Test.csproj", "{7E15A4E4-756B-4792-BB95-4576DB60E54C}"
EndProject
Project("{FAE04EC0-301F-11D3-BF4B-00C04F79EFBC}") = "Vukomanovic.Resharper.Macros.2018.1.Test", "Vukomanovic.Resharper.Macros.2018.1.Test\Vukomanovic.Resharper.Macros.2018.1.Test.csproj", "{EC87E2EE-36F7-4018-83C4-04E25945AC54}"
EndProject
Global
	GlobalSection(SharedMSBuildProjectFiles) = preSolution
		Vukomanovic.Resharper.Macros.Test.Shared\Vukomanovic.Resharper.Macros.Test.Shared.projitems*{13af48dd-41a7-4158-85fb-0aa17a064582}*SharedItemsImports = 4
		Vukomanovic.Resharper.Macros.Shared\Vukomanovic.Resharper.Macros.Shared.projitems*{193796df-5977-42c0-a90a-7779687aead0}*SharedItemsImports = 4
		Vukomanovic.Resharper.Macros.Test.Shared\Vukomanovic.Resharper.Macros.Test.Shared.projitems*{1c4136c3-5c3b-4500-b624-cc5565c793ef}*SharedItemsImports = 4
		Vukomanovic.Resharper.Macros.Shared\Vukomanovic.Resharper.Macros.Shared.projitems*{5ab2cddb-6812-4f70-8bde-6d47c5c51b5b}*SharedItemsImports = 4
		Vukomanovic.Resharper.Macros.Test.Shared\Vukomanovic.Resharper.Macros.Test.Shared.projitems*{5f236824-d7e3-4bf3-b6cc-04a2a9460f68}*SharedItemsImports = 13
		Vukomanovic.Resharper.Macros.Shared\Vukomanovic.Resharper.Macros.Shared.projitems*{6aeec28e-5fd7-4284-8d97-8a805bcd2021}*SharedItemsImports = 4
		Vukomanovic.Resharper.Macros.Shared\Vukomanovic.Resharper.Macros.Shared.projitems*{6e11911b-ef1b-48b0-a72c-5b51e36ea888}*SharedItemsImports = 13
		Vukomanovic.Resharper.Macros.Shared\Vukomanovic.Resharper.Macros.Shared.projitems*{7a60d087-d2d5-4b02-a27c-2f081526c239}*SharedItemsImports = 4
		Vukomanovic.Resharper.Macros.Test.Shared\Vukomanovic.Resharper.Macros.Test.Shared.projitems*{7e15a4e4-756b-4792-bb95-4576db60e54c}*SharedItemsImports = 4
		Vukomanovic.Resharper.Macros.Test.Shared\Vukomanovic.Resharper.Macros.Test.Shared.projitems*{a17d3665-704b-43aa-a5fc-474eedaa8cd0}*SharedItemsImports = 4
		Vukomanovic.Resharper.Macros.Shared\Vukomanovic.Resharper.Macros.Shared.projitems*{baced9b6-aad8-4104-a18e-58b0fe9182de}*SharedItemsImports = 4
		Vukomanovic.Resharper.Macros.Test.Shared\Vukomanovic.Resharper.Macros.Test.Shared.projitems*{e314f183-c467-4bf9-931f-72925882fab3}*SharedItemsImports = 4
		Vukomanovic.Resharper.Macros.Test.Shared\Vukomanovic.Resharper.Macros.Test.Shared.projitems*{e98cc552-fa5e-4dfc-898f-607037f5d8cf}*SharedItemsImports = 4
		Vukomanovic.Resharper.Macros.Test.Shared\Vukomanovic.Resharper.Macros.Test.Shared.projitems*{ec87e2ee-36f7-4018-83c4-04e25945ac54}*SharedItemsImports = 4
		Vukomanovic.Resharper.Macros.Shared\Vukomanovic.Resharper.Macros.Shared.projitems*{f66d71c6-aad0-4465-9ae8-9100dd0a5f3c}*SharedItemsImports = 4
		Vukomanovic.Resharper.Macros.Shared\Vukomanovic.Resharper.Macros.Shared.projitems*{f7a71bb2-2fe3-42f7-a91a-5a237eb0bc70}*SharedItemsImports = 4
	EndGlobalSection
	GlobalSection(SolutionConfigurationPlatforms) = preSolution
		Debug|Any CPU = Debug|Any CPU
		Release|Any CPU = Release|Any CPU
	EndGlobalSection
	GlobalSection(ProjectConfigurationPlatforms) = postSolution
		{6AEEC28E-5FD7-4284-8D97-8A805BCD2021}.Debug|Any CPU.ActiveCfg = Debug|Any CPU
		{6AEEC28E-5FD7-4284-8D97-8A805BCD2021}.Debug|Any CPU.Build.0 = Debug|Any CPU
		{6AEEC28E-5FD7-4284-8D97-8A805BCD2021}.Release|Any CPU.ActiveCfg = Release|Any CPU
		{6AEEC28E-5FD7-4284-8D97-8A805BCD2021}.Release|Any CPU.Build.0 = Release|Any CPU
		{E314F183-C467-4BF9-931F-72925882FAB3}.Debug|Any CPU.ActiveCfg = Debug|Any CPU
		{E314F183-C467-4BF9-931F-72925882FAB3}.Debug|Any CPU.Build.0 = Debug|Any CPU
		{E314F183-C467-4BF9-931F-72925882FAB3}.Release|Any CPU.ActiveCfg = Release|Any CPU
		{E314F183-C467-4BF9-931F-72925882FAB3}.Release|Any CPU.Build.0 = Release|Any CPU
		{7A60D087-D2D5-4B02-A27C-2F081526C239}.Debug|Any CPU.ActiveCfg = Debug|Any CPU
		{7A60D087-D2D5-4B02-A27C-2F081526C239}.Debug|Any CPU.Build.0 = Debug|Any CPU
		{7A60D087-D2D5-4B02-A27C-2F081526C239}.Release|Any CPU.ActiveCfg = Release|Any CPU
		{7A60D087-D2D5-4B02-A27C-2F081526C239}.Release|Any CPU.Build.0 = Release|Any CPU
		{E98CC552-FA5E-4DFC-898F-607037F5D8CF}.Debug|Any CPU.ActiveCfg = Debug|Any CPU
		{E98CC552-FA5E-4DFC-898F-607037F5D8CF}.Debug|Any CPU.Build.0 = Debug|Any CPU
		{E98CC552-FA5E-4DFC-898F-607037F5D8CF}.Release|Any CPU.ActiveCfg = Release|Any CPU
		{E98CC552-FA5E-4DFC-898F-607037F5D8CF}.Release|Any CPU.Build.0 = Release|Any CPU
		{F66D71C6-AAD0-4465-9AE8-9100DD0A5F3C}.Debug|Any CPU.ActiveCfg = Debug|Any CPU
		{F66D71C6-AAD0-4465-9AE8-9100DD0A5F3C}.Debug|Any CPU.Build.0 = Debug|Any CPU
		{F66D71C6-AAD0-4465-9AE8-9100DD0A5F3C}.Release|Any CPU.ActiveCfg = Release|Any CPU
		{F66D71C6-AAD0-4465-9AE8-9100DD0A5F3C}.Release|Any CPU.Build.0 = Release|Any CPU
		{1C4136C3-5C3B-4500-B624-CC5565C793EF}.Debug|Any CPU.ActiveCfg = Debug|Any CPU
		{1C4136C3-5C3B-4500-B624-CC5565C793EF}.Debug|Any CPU.Build.0 = Debug|Any CPU
		{1C4136C3-5C3B-4500-B624-CC5565C793EF}.Release|Any CPU.ActiveCfg = Release|Any CPU
		{1C4136C3-5C3B-4500-B624-CC5565C793EF}.Release|Any CPU.Build.0 = Release|Any CPU
		{F7A71BB2-2FE3-42F7-A91A-5A237EB0BC70}.Debug|Any CPU.ActiveCfg = Debug|Any CPU
		{F7A71BB2-2FE3-42F7-A91A-5A237EB0BC70}.Debug|Any CPU.Build.0 = Debug|Any CPU
		{F7A71BB2-2FE3-42F7-A91A-5A237EB0BC70}.Release|Any CPU.ActiveCfg = Release|Any CPU
		{F7A71BB2-2FE3-42F7-A91A-5A237EB0BC70}.Release|Any CPU.Build.0 = Release|Any CPU
		{13AF48DD-41A7-4158-85FB-0AA17A064582}.Debug|Any CPU.ActiveCfg = Debug|Any CPU
		{13AF48DD-41A7-4158-85FB-0AA17A064582}.Debug|Any CPU.Build.0 = Debug|Any CPU
		{13AF48DD-41A7-4158-85FB-0AA17A064582}.Release|Any CPU.ActiveCfg = Release|Any CPU
		{13AF48DD-41A7-4158-85FB-0AA17A064582}.Release|Any CPU.Build.0 = Release|Any CPU
		{5AB2CDDB-6812-4F70-8BDE-6D47C5C51B5B}.Debug|Any CPU.ActiveCfg = Debug|Any CPU
		{5AB2CDDB-6812-4F70-8BDE-6D47C5C51B5B}.Debug|Any CPU.Build.0 = Debug|Any CPU
		{5AB2CDDB-6812-4F70-8BDE-6D47C5C51B5B}.Release|Any CPU.ActiveCfg = Release|Any CPU
		{5AB2CDDB-6812-4F70-8BDE-6D47C5C51B5B}.Release|Any CPU.Build.0 = Release|Any CPU
		{193796DF-5977-42C0-A90A-7779687AEAD0}.Debug|Any CPU.ActiveCfg = Debug|Any CPU
		{193796DF-5977-42C0-A90A-7779687AEAD0}.Debug|Any CPU.Build.0 = Debug|Any CPU
		{193796DF-5977-42C0-A90A-7779687AEAD0}.Release|Any CPU.ActiveCfg = Release|Any CPU
		{193796DF-5977-42C0-A90A-7779687AEAD0}.Release|Any CPU.Build.0 = Release|Any CPU
		{BACED9B6-AAD8-4104-A18E-58B0FE9182DE}.Debug|Any CPU.ActiveCfg = Debug|Any CPU
		{BACED9B6-AAD8-4104-A18E-58B0FE9182DE}.Debug|Any CPU.Build.0 = Debug|Any CPU
		{BACED9B6-AAD8-4104-A18E-58B0FE9182DE}.Release|Any CPU.ActiveCfg = Release|Any CPU
		{BACED9B6-AAD8-4104-A18E-58B0FE9182DE}.Release|Any CPU.Build.0 = Release|Any CPU
		{A17D3665-704B-43AA-A5FC-474EEDAA8CD0}.Debug|Any CPU.ActiveCfg = Debug|Any CPU
		{A17D3665-704B-43AA-A5FC-474EEDAA8CD0}.Debug|Any CPU.Build.0 = Debug|Any CPU
		{A17D3665-704B-43AA-A5FC-474EEDAA8CD0}.Release|Any CPU.ActiveCfg = Release|Any CPU
		{A17D3665-704B-43AA-A5FC-474EEDAA8CD0}.Release|Any CPU.Build.0 = Release|Any CPU
		{7E15A4E4-756B-4792-BB95-4576DB60E54C}.Debug|Any CPU.ActiveCfg = Debug|Any CPU
		{7E15A4E4-756B-4792-BB95-4576DB60E54C}.Debug|Any CPU.Build.0 = Debug|Any CPU
		{7E15A4E4-756B-4792-BB95-4576DB60E54C}.Release|Any CPU.ActiveCfg = Release|Any CPU
		{7E15A4E4-756B-4792-BB95-4576DB60E54C}.Release|Any CPU.Build.0 = Release|Any CPU
		{EC87E2EE-36F7-4018-83C4-04E25945AC54}.Debug|Any CPU.ActiveCfg = Debug|Any CPU
		{EC87E2EE-36F7-4018-83C4-04E25945AC54}.Debug|Any CPU.Build.0 = Debug|Any CPU
		{EC87E2EE-36F7-4018-83C4-04E25945AC54}.Release|Any CPU.ActiveCfg = Release|Any CPU
		{EC87E2EE-36F7-4018-83C4-04E25945AC54}.Release|Any CPU.Build.0 = Release|Any CPU
	EndGlobalSection
	GlobalSection(SolutionProperties) = preSolution
		HideSolutionNode = FALSE
	EndGlobalSection
	GlobalSection(NestedProjects) = preSolution
		{6E11911B-EF1B-48B0-A72C-5B51E36EA888} = {7D368F2D-D018-46EF-88B9-43E4A72DAF21}
		{5F236824-D7E3-4BF3-B6CC-04A2A9460F68} = {7D368F2D-D018-46EF-88B9-43E4A72DAF21}
		{6AEEC28E-5FD7-4284-8D97-8A805BCD2021} = {63111E47-779F-4BCD-A5E5-5AC95E9A61D0}
		{E314F183-C467-4BF9-931F-72925882FAB3} = {63111E47-779F-4BCD-A5E5-5AC95E9A61D0}
		{7A60D087-D2D5-4B02-A27C-2F081526C239} = {50B86C29-376B-4FC2-BF9D-71C712E2F1AD}
		{E98CC552-FA5E-4DFC-898F-607037F5D8CF} = {50B86C29-376B-4FC2-BF9D-71C712E2F1AD}
		{F66D71C6-AAD0-4465-9AE8-9100DD0A5F3C} = {8A1FE8D5-C965-4F75-A3C8-0C53070A5DA6}
		{1C4136C3-5C3B-4500-B624-CC5565C793EF} = {8A1FE8D5-C965-4F75-A3C8-0C53070A5DA6}
		{F7A71BB2-2FE3-42F7-A91A-5A237EB0BC70} = {15BF0F52-9A84-49C0-9BF3-35657C3913DB}
		{13AF48DD-41A7-4158-85FB-0AA17A064582} = {15BF0F52-9A84-49C0-9BF3-35657C3913DB}
		{7D368F2D-D018-46EF-88B9-43E4A72DAF21} = {A16818C3-39D2-4C28-A28A-B70C57A3BE51}
		{63111E47-779F-4BCD-A5E5-5AC95E9A61D0} = {A16818C3-39D2-4C28-A28A-B70C57A3BE51}
		{50B86C29-376B-4FC2-BF9D-71C712E2F1AD} = {A16818C3-39D2-4C28-A28A-B70C57A3BE51}
		{8A1FE8D5-C965-4F75-A3C8-0C53070A5DA6} = {A16818C3-39D2-4C28-A28A-B70C57A3BE51}
		{15BF0F52-9A84-49C0-9BF3-35657C3913DB} = {A16818C3-39D2-4C28-A28A-B70C57A3BE51}
		{9556FD19-3937-4D56-9B87-DBBEF30625C0} = {A16818C3-39D2-4C28-A28A-B70C57A3BE51}
		{5AB2CDDB-6812-4F70-8BDE-6D47C5C51B5B} = {9556FD19-3937-4D56-9B87-DBBEF30625C0}
		{08054A36-CAB8-4028-ABEE-7AFA2D89B589} = {A16818C3-39D2-4C28-A28A-B70C57A3BE51}
		{193796DF-5977-42C0-A90A-7779687AEAD0} = {08054A36-CAB8-4028-ABEE-7AFA2D89B589}
		{9CDBDA74-AF7F-433B-A5DF-794235877C55} = {A16818C3-39D2-4C28-A28A-B70C57A3BE51}
		{BACED9B6-AAD8-4104-A18E-58B0FE9182DE} = {9CDBDA74-AF7F-433B-A5DF-794235877C55}
		{A17D3665-704B-43AA-A5FC-474EEDAA8CD0} = {9556FD19-3937-4D56-9B87-DBBEF30625C0}
		{7E15A4E4-756B-4792-BB95-4576DB60E54C} = {08054A36-CAB8-4028-ABEE-7AFA2D89B589}
		{EC87E2EE-36F7-4018-83C4-04E25945AC54} = {9CDBDA74-AF7F-433B-A5DF-794235877C55}
	EndGlobalSection
	GlobalSection(ExtensibilityGlobals) = postSolution
		SolutionGuid = {233D3E41-EC7B-4904-9672-07E8FAB797AA}
	EndGlobalSection
EndGlobal
